// !$*UTF8*$!
{
	archiveVersion = 1;
	classes = {
	};
	objectVersion = 50;
	objects = {

/* Begin PBXBuildFile section */
		1B19D0062271D665008E05E4 /* AppDelegate.swift in Sources */ = {isa = PBXBuildFile; fileRef = 1B19D0052271D665008E05E4 /* AppDelegate.swift */; };
		1B19D00B2271D665008E05E4 /* Main.storyboard in Resources */ = {isa = PBXBuildFile; fileRef = 1B19D0092271D665008E05E4 /* Main.storyboard */; };
		1B19D00D2271D666008E05E4 /* Assets.xcassets in Resources */ = {isa = PBXBuildFile; fileRef = 1B19D00C2271D666008E05E4 /* Assets.xcassets */; };
		1B19D0102271D666008E05E4 /* LaunchScreen.storyboard in Resources */ = {isa = PBXBuildFile; fileRef = 1B19D00E2271D666008E05E4 /* LaunchScreen.storyboard */; };
		1B19D0182271D713008E05E4 /* PaintingViewController.swift in Sources */ = {isa = PBXBuildFile; fileRef = 1B19D0172271D713008E05E4 /* PaintingViewController.swift */; };
		1B19D01A2271D722008E05E4 /* PaintingTableViewCell.swift in Sources */ = {isa = PBXBuildFile; fileRef = 1B19D0192271D722008E05E4 /* PaintingTableViewCell.swift */; };
		1B19D01C2271D85C008E05E4 /* Painting.swift in Sources */ = {isa = PBXBuildFile; fileRef = 1B19D01B2271D85C008E05E4 /* Painting.swift */; };
		1B19D01E2271D8A1008E05E4 /* PaintngTableViewCellDelegate.swift in Sources */ = {isa = PBXBuildFile; fileRef = 1B19D01D2271D8A1008E05E4 /* PaintngTableViewCellDelegate.swift */; };
		1B19D0222271D9A6008E05E4 /* PaintingModel.swift in Sources */ = {isa = PBXBuildFile; fileRef = 1B19D0212271D9A6008E05E4 /* PaintingModel.swift */; };
/* End PBXBuildFile section */

/* Begin PBXFileReference section */
		1B19D0022271D665008E05E4 /* ArtGallery2.app */ = {isa = PBXFileReference; explicitFileType = wrapper.application; includeInIndex = 0; path = ArtGallery2.app; sourceTree = BUILT_PRODUCTS_DIR; };
		1B19D0052271D665008E05E4 /* AppDelegate.swift */ = {isa = PBXFileReference; lastKnownFileType = sourcecode.swift; path = AppDelegate.swift; sourceTree = "<group>"; };
		1B19D00A2271D665008E05E4 /* Base */ = {isa = PBXFileReference; lastKnownFileType = file.storyboard; name = Base; path = Base.lproj/Main.storyboard; sourceTree = "<group>"; };
		1B19D00C2271D666008E05E4 /* Assets.xcassets */ = {isa = PBXFileReference; lastKnownFileType = folder.assetcatalog; path = Assets.xcassets; sourceTree = "<group>"; };
		1B19D00F2271D666008E05E4 /* Base */ = {isa = PBXFileReference; lastKnownFileType = file.storyboard; name = Base; path = Base.lproj/LaunchScreen.storyboard; sourceTree = "<group>"; };
		1B19D0112271D666008E05E4 /* Info.plist */ = {isa = PBXFileReference; lastKnownFileType = text.plist.xml; path = Info.plist; sourceTree = "<group>"; };
		1B19D0172271D713008E05E4 /* PaintingViewController.swift */ = {isa = PBXFileReference; lastKnownFileType = sourcecode.swift; path = PaintingViewController.swift; sourceTree = "<group>"; };
		1B19D0192271D722008E05E4 /* PaintingTableViewCell.swift */ = {isa = PBXFileReference; lastKnownFileType = sourcecode.swift; path = PaintingTableViewCell.swift; sourceTree = "<group>"; };
		1B19D01B2271D85C008E05E4 /* Painting.swift */ = {isa = PBXFileReference; lastKnownFileType = sourcecode.swift; path = Painting.swift; sourceTree = "<group>"; };
		1B19D01D2271D8A1008E05E4 /* PaintngTableViewCellDelegate.swift */ = {isa = PBXFileReference; lastKnownFileType = sourcecode.swift; path = PaintngTableViewCellDelegate.swift; sourceTree = "<group>"; };
		1B19D0212271D9A6008E05E4 /* PaintingModel.swift */ = {isa = PBXFileReference; lastKnownFileType = sourcecode.swift; path = PaintingModel.swift; sourceTree = "<group>"; };
/* End PBXFileReference section */

/* Begin PBXFrameworksBuildPhase section */
		1B19CFFF2271D665008E05E4 /* Frameworks */ = {
			isa = PBXFrameworksBuildPhase;
			buildActionMask = 2147483647;
			files = (
			);
			runOnlyForDeploymentPostprocessing = 0;
		};
/* End PBXFrameworksBuildPhase section */

/* Begin PBXGroup section */
		1B19CFF92271D665008E05E4 = {
			isa = PBXGroup;
			children = (
				1B19D0042271D665008E05E4 /* ArtGallery2 */,
				1B19D0032271D665008E05E4 /* Products */,
			);
			sourceTree = "<group>";
		};
		1B19D0032271D665008E05E4 /* Products */ = {
			isa = PBXGroup;
			children = (
				1B19D0022271D665008E05E4 /* ArtGallery2.app */,
			);
			name = Products;
			sourceTree = "<group>";
		};
		1B19D0042271D665008E05E4 /* ArtGallery2 */ = {
			isa = PBXGroup;
			children = (
				1B19D01B2271D85C008E05E4 /* Painting.swift */,
				1B19D01D2271D8A1008E05E4 /* PaintngTableViewCellDelegate.swift */,
				1B19D0212271D9A6008E05E4 /* PaintingModel.swift */,
				1B19D0052271D665008E05E4 /* AppDelegate.swift */,
				1B19D0092271D665008E05E4 /* Main.storyboard */,
				1B19D0172271D713008E05E4 /* PaintingViewController.swift */,
				1B19D0192271D722008E05E4 /* PaintingTableViewCell.swift */,
				1B19D00C2271D666008E05E4 /* Assets.xcassets */,
				1B19D00E2271D666008E05E4 /* LaunchScreen.storyboard */,
				1B19D0112271D666008E05E4 /* Info.plist */,
			);
			path = ArtGallery2;
			sourceTree = "<group>";
		};
/* End PBXGroup section */

/* Begin PBXNativeTarget section */
		1B19D0012271D665008E05E4 /* ArtGallery2 */ = {
			isa = PBXNativeTarget;
			buildConfigurationList = 1B19D0142271D666008E05E4 /* Build configuration list for PBXNativeTarget "ArtGallery2" */;
			buildPhases = (
				1B19CFFE2271D665008E05E4 /* Sources */,
				1B19CFFF2271D665008E05E4 /* Frameworks */,
				1B19D0002271D665008E05E4 /* Resources */,
			);
			buildRules = (
			);
			dependencies = (
			);
			name = ArtGallery2;
			productName = ArtGallery2;
			productReference = 1B19D0022271D665008E05E4 /* ArtGallery2.app */;
			productType = "com.apple.product-type.application";
		};
/* End PBXNativeTarget section */

/* Begin PBXProject section */
		1B19CFFA2271D665008E05E4 /* Project object */ = {
			isa = PBXProject;
			attributes = {
				LastSwiftUpdateCheck = 1020;
				LastUpgradeCheck = 1020;
				ORGANIZATIONNAME = "Michael Flowers";
				TargetAttributes = {
					1B19D0012271D665008E05E4 = {
						CreatedOnToolsVersion = 10.2.1;
					};
				};
			};
			buildConfigurationList = 1B19CFFD2271D665008E05E4 /* Build configuration list for PBXProject "ArtGallery2" */;
			compatibilityVersion = "Xcode 9.3";
			developmentRegion = en;
			hasScannedForEncodings = 0;
			knownRegions = (
				en,
				Base,
			);
			mainGroup = 1B19CFF92271D665008E05E4;
			productRefGroup = 1B19D0032271D665008E05E4 /* Products */;
			projectDirPath = "";
			projectRoot = "";
			targets = (
				1B19D0012271D665008E05E4 /* ArtGallery2 */,
			);
		};
/* End PBXProject section */

/* Begin PBXResourcesBuildPhase section */
		1B19D0002271D665008E05E4 /* Resources */ = {
			isa = PBXResourcesBuildPhase;
			buildActionMask = 2147483647;
			files = (
				1B19D0102271D666008E05E4 /* LaunchScreen.storyboard in Resources */,
				1B19D00D2271D666008E05E4 /* Assets.xcassets in Resources */,
				1B19D00B2271D665008E05E4 /* Main.storyboard in Resources */,
			);
			runOnlyForDeploymentPostprocessing = 0;
		};
/* End PBXResourcesBuildPhase section */

/* Begin PBXSourcesBuildPhase section */
		1B19CFFE2271D665008E05E4 /* Sources */ = {
			isa = PBXSourcesBuildPhase;
			buildActionMask = 2147483647;
			files = (
				1B19D01E2271D8A1008E05E4 /* PaintngTableViewCellDelegate.swift in Sources */,
				1B19D0062271D665008E05E4 /* AppDelegate.swift in Sources */,
				1B19D0222271D9A6008E05E4 /* PaintingModel.swift in Sources */,
				1B19D0182271D713008E05E4 /* PaintingViewController.swift in Sources */,
				1B19D01A2271D722008E05E4 /* PaintingTableViewCell.swift in Sources */,
				1B19D01C2271D85C008E05E4 /* Painting.swift in Sources */,
			);
			runOnlyForDeploymentPostprocessing = 0;
		};
/* End PBXSourcesBuildPhase section */

/* Begin PBXVariantGroup section */
		1B19D0092271D665008E05E4 /* Main.storyboard */ = {
			isa = PBXVariantGroup;
			children = (
				1B19D00A2271D665008E05E4 /* Base */,
			);
			name = Main.storyboard;
			sourceTree = "<group>";
		};
		1B19D00E2271D666008E05E4 /* LaunchScreen.storyboard */ = {
			isa = PBXVariantGroup;
			children = (
				1B19D00F2271D666008E05E4 /* Base */,
			);
			name = LaunchScreen.storyboard;
			sourceTree = "<group>";
		};
/* End PBXVariantGroup section */

/* Begin XCBuildConfiguration section */
		1B19D0122271D666008E05E4 /* Debug */ = {
			isa = XCBuildConfiguration;
			buildSettings = {
				ALWAYS_SEARCH_USER_PATHS = NO;
				CLANG_ANALYZER_NONNULL = YES;
				CLANG_ANALYZER_NUMBER_OBJECT_CONVERSION = YES_AGGRESSIVE;
				CLANG_CXX_LANGUAGE_STANDARD = "gnu++14";
				CLANG_CXX_LIBRARY = "libc++";
				CLANG_ENABLE_MODULES = YES;
				CLANG_ENABLE_OBJC_ARC = YES;
				CLANG_ENABLE_OBJC_WEAK = YES;
				CLANG_WARN_BLOCK_CAPTURE_AUTORELEASING = YES;
				CLANG_WARN_BOOL_CONVERSION = YES;
				CLANG_WARN_COMMA = YES;
				CLANG_WARN_CONSTANT_CONVERSION = YES;
				CLANG_WARN_DEPRECATED_OBJC_IMPLEMENTATIONS = YES;
				CLANG_WARN_DIRECT_OBJC_ISA_USAGE = YES_ERROR;
				CLANG_WARN_DOCUMENTATION_COMMENTS = YES;
				CLANG_WARN_EMPTY_BODY = YES;
				CLANG_WARN_ENUM_CONVERSION = YES;
				CLANG_WARN_INFINITE_RECURSION = YES;
				CLANG_WARN_INT_CONVERSION = YES;
				CLANG_WARN_NON_LITERAL_NULL_CONVERSION = YES;
				CLANG_WARN_OBJC_IMPLICIT_RETAIN_SELF = YES;
				CLANG_WARN_OBJC_LITERAL_CONVERSION = YES;
				CLANG_WARN_OBJC_ROOT_CLASS = YES_ERROR;
				CLANG_WARN_RANGE_LOOP_ANALYSIS = YES;
				CLANG_WARN_STRICT_PROTOTYPES = YES;
				CLANG_WARN_SUSPICIOUS_MOVE = YES;
				CLANG_WARN_UNGUARDED_AVAILABILITY = YES_AGGRESSIVE;
				CLANG_WARN_UNREACHABLE_CODE = YES;
				CLANG_WARN__DUPLICATE_METHOD_MATCH = YES;
				CODE_SIGN_IDENTITY = "iPhone Developer";
				COPY_PHASE_STRIP = NO;
				DEBUG_INFORMATION_FORMAT = dwarf;
				ENABLE_STRICT_OBJC_MSGSEND = YES;
				ENABLE_TESTABILITY = YES;
				GCC_C_LANGUAGE_STANDARD = gnu11;
				GCC_DYNAMIC_NO_PIC = NO;
				GCC_NO_COMMON_BLOCKS = YES;
				GCC_OPTIMIZATION_LEVEL = 0;
				GCC_PREPROCESSOR_DEFINITIONS = (
					"DEBUG=1",
					"$(inherited)",
				);
				GCC_WARN_64_TO_32_BIT_CONVERSION = YES;
				GCC_WARN_ABOUT_RETURN_TYPE = YES_ERROR;
				GCC_WARN_UNDECLARED_SELECTOR = YES;
				GCC_WARN_UNINITIALIZED_AUTOS = YES_AGGRESSIVE;
				GCC_WARN_UNUSED_FUNCTION = YES;
				GCC_WARN_UNUSED_VARIABLE = YES;
				IPHONEOS_DEPLOYMENT_TARGET = 12.2;
				MTL_ENABLE_DEBUG_INFO = INCLUDE_SOURCE;
				MTL_FAST_MATH = YES;
				ONLY_ACTIVE_ARCH = YES;
				SDKROOT = iphoneos;
				SWIFT_ACTIVE_COMPILATION_CONDITIONS = DEBUG;
				SWIFT_OPTIMIZATION_LEVEL = "-Onone";
			};
			name = Debug;
		};
		1B19D0132271D666008E05E4 /* Release */ = {
			isa = XCBuildConfiguration;
			buildSettings = {
				ALWAYS_SEARCH_USER_PATHS = NO;
				CLANG_ANALYZER_NONNULL = YES;
				CLANG_ANALYZER_NUMBER_OBJECT_CONVERSION = YES_AGGRESSIVE;
				CLANG_CXX_LANGUAGE_STANDARD = "gnu++14";
				CLANG_CXX_LIBRARY = "libc++";
				CLANG_ENABLE_MODULES = YES;
				CLANG_ENABLE_OBJC_ARC = YES;
				CLANG_ENABLE_OBJC_WEAK = YES;
				CLANG_WARN_BLOCK_CAPTURE_AUTORELEASING = YES;
				CLANG_WARN_BOOL_CONVERSION = YES;
				CLANG_WARN_COMMA = YES;
				CLANG_WARN_CONSTANT_CONVERSION = YES;
				CLANG_WARN_DEPRECATED_OBJC_IMPLEMENTATIONS = YES;
				CLANG_WARN_DIRECT_OBJC_ISA_USAGE = YES_ERROR;
				CLANG_WARN_DOCUMENTATION_COMMENTS = YES;
				CLANG_WARN_EMPTY_BODY = YES;
				CLANG_WARN_ENUM_CONVERSION = YES;
				CLANG_WARN_INFINITE_RECURSION = YES;
				CLANG_WARN_INT_CONVERSION = YES;
				CLANG_WARN_NON_LITERAL_NULL_CONVERSION = YES;
				CLANG_WARN_OBJC_IMPLICIT_RETAIN_SELF = YES;
				CLANG_WARN_OBJC_LITERAL_CONVERSION = YES;
				CLANG_WARN_OBJC_ROOT_CLASS = YES_ERROR;
				CLANG_WARN_RANGE_LOOP_ANALYSIS = YES;
				CLANG_WARN_STRICT_PROTOTYPES = YES;
				CLANG_WARN_SUSPICIOUS_MOVE = YES;
				CLANG_WARN_UNGUARDED_AVAILABILITY = YES_AGGRESSIVE;
				CLANG_WARN_UNREACHABLE_CODE = YES;
				CLANG_WARN__DUPLICATE_METHOD_MATCH = YES;
				CODE_SIGN_IDENTITY = "iPhone Developer";
				COPY_PHASE_STRIP = NO;
				DEBUG_INFORMATION_FORMAT = "dwarf-with-dsym";
				ENABLE_NS_ASSERTIONS = NO;
				ENABLE_STRICT_OBJC_MSGSEND = YES;
				GCC_C_LANGUAGE_STANDARD = gnu11;
				GCC_NO_COMMON_BLOCKS = YES;
				GCC_WARN_64_TO_32_BIT_CONVERSION = YES;
				GCC_WARN_ABOUT_RETURN_TYPE = YES_ERROR;
				GCC_WARN_UNDECLARED_SELECTOR = YES;
				GCC_WARN_UNINITIALIZED_AUTOS = YES_AGGRESSIVE;
				GCC_WARN_UNUSED_FUNCTION = YES;
				GCC_WARN_UNUSED_VARIABLE = YES;
				IPHONEOS_DEPLOYMENT_TARGET = 12.2;
				MTL_ENABLE_DEBUG_INFO = NO;
				MTL_FAST_MATH = YES;
				SDKROOT = iphoneos;
				SWIFT_COMPILATION_MODE = wholemodule;
				SWIFT_OPTIMIZATION_LEVEL = "-O";
				VALIDATE_PRODUCT = YES;
			};
			name = Release;
		};
		1B19D0152271D666008E05E4 /* Debug */ = {
			isa = XCBuildConfiguration;
			buildSettings = {
				ASSETCATALOG_COMPILER_APPICON_NAME = AppIcon;
				CODE_SIGN_STYLE = Automatic;
				DEVELOPMENT_TEAM = X4W7EQ4E4R;
				INFOPLIST_FILE = ArtGallery2/Info.plist;
				LD_RUNPATH_SEARCH_PATHS = (
					"$(inherited)",
					"@executable_path/Frameworks",
				);
				PRODUCT_BUNDLE_IDENTIFIER = flowers.ArtGallery2;
				PRODUCT_NAME = "$(TARGET_NAME)";
				SWIFT_VERSION = 5.0;
				TARGETED_DEVICE_FAMILY = "1,2";
			};
			name = Debug;
		};
		1B19D0162271D666008E05E4 /* Release */ = {
			isa = XCBuildConfiguration;
			buildSettings = {
				ASSETCATALOG_COMPILER_APPICON_NAME = AppIcon;
				CODE_SIGN_STYLE = Automatic;
				DEVELOPMENT_TEAM = X4W7EQ4E4R;
				INFOPLIST_FILE = ArtGallery2/Info.plist;
				LD_RUNPATH_SEARCH_PATHS = (
					"$(inherited)",
					"@executable_path/Frameworks",
				);
				PRODUCT_BUNDLE_IDENTIFIER = flowers.ArtGallery2;
				PRODUCT_NAME = "$(TARGET_NAME)";
				SWIFT_VERSION = 5.0;
				TARGETED_DEVICE_FAMILY = "1,2";
			};
			name = Release;
		};
/* End XCBuildConfiguration section */

/* Begin XCConfigurationList section */
		1B19CFFD2271D665008E05E4 /* Build configuration list for PBXProject "ArtGallery2" */ = {
			isa = XCConfigurationList;
			buildConfigurations = (
				1B19D0122271D666008E05E4 /* Debug */,
				1B19D0132271D666008E05E4 /* Release */,
			);
			defaultConfigurationIsVisible = 0;
			defaultConfigurationName = Release;
		};
		1B19D0142271D666008E05E4 /* Build configuration list for PBXNativeTarget "ArtGallery2" */ = {
			isa = XCConfigurationList;
			buildConfigurations = (
				1B19D0152271D666008E05E4 /* Debug */,
				1B19D0162271D666008E05E4 /* Release */,
			);
			defaultConfigurationIsVisible = 0;
			defaultConfigurationName = Release;
		};
/* End XCConfigurationList section */
	};
	rootObject = 1B19CFFA2271D665008E05E4 /* Project object */;
}
